github.com/prataprc/goparsec v0.0.0-20210210111032-e54bde2749dd/go.mod h1:YbpxZqbf10o5u96/iDpcfDQmbIOTX/iNCH/yBByTfaM=
github.com/ssedrick/adventofcode2021 v0.0.0-20211215182031-7956273300ed h1:OiFC3ldqajJ1nsdgji7G8jAUXfItsCBP8UCwuLVOVUM=
github.com/ssedrick/adventofcode2021 v0.0.0-20211215182031-7956273300ed/go.mod h1:OP7E0E0rMvt9ig+dE8GOTpKGoGjL6De4BP+FJh6DGEY=
